
Microsoft Visual Studio Solution File, Format Version 12.00
# Visual Studio Version 17
VisualStudioVersion = 17.9.34622.214
MinimumVisualStudioVersion = 10.0.40219.1
Project("{9A19103F-16F7-4668-BE54-9A1E7A4F7556}") = "MyProj.WebApi", "MyProj.WebApi\MyProj.WebApi.csproj", "{EAD34329-D9E3-4BBB-8BC5-DEE631F67AC4}"
EndProject
Project("{FAE04EC0-301F-11D3-BF4B-00C04F79EFBC}") = "Lock-Test", "Lock-Test\Lock-Test.csproj", "{3A923869-7518-4578-8B13-DF519573F7F2}"
EndProject
Global
	GlobalSection(SolutionConfigurationPlatforms) = preSolution
		Debug|Any CPU = Debug|Any CPU
		Release|Any CPU = Release|Any CPU
	EndGlobalSection
	GlobalSection(ProjectConfigurationPlatforms) = postSolution
		{EAD34329-D9E3-4BBB-8BC5-DEE631F67AC4}.Debug|Any CPU.ActiveCfg = Debug|Any CPU
		{EAD34329-D9E3-4BBB-8BC5-DEE631F67AC4}.Debug|Any CPU.Build.0 = Debug|Any CPU
		{EAD34329-D9E3-4BBB-8BC5-DEE631F67AC4}.Release|Any CPU.ActiveCfg = Release|Any CPU
		{EAD34329-D9E3-4BBB-8BC5-DEE631F67AC4}.Release|Any CPU.Build.0 = Release|Any CPU
		{3A923869-7518-4578-8B13-DF519573F7F2}.Debug|Any CPU.ActiveCfg = Debug|Any CPU
		{3A923869-7518-4578-8B13-DF519573F7F2}.Debug|Any CPU.Build.0 = Debug|Any CPU
		{3A923869-7518-4578-8B13-DF519573F7F2}.Release|Any CPU.ActiveCfg = Release|Any CPU
		{3A923869-7518-4578-8B13-DF519573F7F2}.Release|Any CPU.Build.0 = Release|Any CPU
	EndGlobalSection
	GlobalSection(SolutionProperties) = preSolution
		HideSolutionNode = FALSE
	EndGlobalSection
	GlobalSection(ExtensibilityGlobals) = postSolution
		SolutionGuid = {3171077C-1D69-4B6A-845B-D22F355E4446}
	EndGlobalSection
EndGlobal
